
Microsoft Visual Studio Solution File, Format Version 12.00
# Visual Studio Version 16
VisualStudioVersion = 16.0.30011.22
MinimumVisualStudioVersion = 10.0.40219.1
Project("{FAE04EC0-301F-11D3-BF4B-00C04F79EFBC}") = "ServerCore", "ServerCore.csproj", "{A7A37E66-9CF1-45C9-B01A-BC0F179DA8F4}"
EndProject
Global
	GlobalSection(SolutionConfigurationPlatforms) = preSolution
		Debug|Any CPU = Debug|Any CPU
		Release|Any CPU = Release|Any CPU
	EndGlobalSection
	GlobalSection(ProjectConfigurationPlatforms) = postSolution
		{A7A37E66-9CF1-45C9-B01A-BC0F179DA8F4}.Debug|Any CPU.ActiveCfg = Debug|Any CPU
		{A7A37E66-9CF1-45C9-B01A-BC0F179DA8F4}.Debug|Any CPU.Build.0 = Debug|Any CPU
		{A7A37E66-9CF1-45C9-B01A-BC0F179DA8F4}.Release|Any CPU.ActiveCfg = Release|Any CPU
		{A7A37E66-9CF1-45C9-B01A-BC0F179DA8F4}.Release|Any CPU.Build.0 = Release|Any CPU
	EndGlobalSection
	GlobalSection(SolutionProperties) = preSolution
		HideSolutionNode = FALSE
	EndGlobalSection
	GlobalSection(ExtensibilityGlobals) = postSolution
		SolutionGuid = {B2993F8B-0282-49FC-8493-A9D79786CDDB}
	EndGlobalSection
EndGlobal
